
Microsoft Visual Studio Solution File, Format Version 12.00
# Visual Studio Version 16
VisualStudioVersion = 16.0.31729.503
MinimumVisualStudioVersion = 10.0.40219.1
Project("{FAE04EC0-301F-11D3-BF4B-00C04F79EFBC}") = "HotelUI", "HotelUI.csproj", "{134586B2-A7E4-4F6B-9D3F-4FCFE9D2D3FC}"
EndProject
Global
	GlobalSection(SolutionConfigurationPlatforms) = preSolution
		Debug|Any CPU = Debug|Any CPU
		Release|Any CPU = Release|Any CPU
	EndGlobalSection
	GlobalSection(ProjectConfigurationPlatforms) = postSolution
		{134586B2-A7E4-4F6B-9D3F-4FCFE9D2D3FC}.Debug|Any CPU.ActiveCfg = Debug|Any CPU
		{134586B2-A7E4-4F6B-9D3F-4FCFE9D2D3FC}.Debug|Any CPU.Build.0 = Debug|Any CPU
		{134586B2-A7E4-4F6B-9D3F-4FCFE9D2D3FC}.Release|Any CPU.ActiveCfg = Release|Any CPU
		{134586B2-A7E4-4F6B-9D3F-4FCFE9D2D3FC}.Release|Any CPU.Build.0 = Release|Any CPU
	EndGlobalSection
	GlobalSection(SolutionProperties) = preSolution
		HideSolutionNode = FALSE
	EndGlobalSection
	GlobalSection(ExtensibilityGlobals) = postSolution
		SolutionGuid = {57CBD0B3-2E41-4CE9-9CE5-F3591F08F8CA}
	EndGlobalSection
EndGlobal
